// !$*UTF8*$!
{
	archiveVersion = 1;
	classes = {
	};
	objectVersion = 56;
	objects = {

/* Begin PBXBuildFile section */
		DB116BA205274A9BAC7D9303 /* HeldGoalChange.swift in Sources */ = {isa = PBXBuildFile; fileRef = B4D2A46051C4405F889BBCAF /* HeldGoalChange.swift */; };
		A6EA2641B4EE4968A1CD6742 /* GoalHeldChangeService.swift in Sources */ = {isa = PBXBuildFile; fileRef = EF363595F0454DF3B16C9ED3 /* GoalHeldChangeService.swift */; };
		528CFB0745AC4D719C1FDA35 /* GoalDetailViewModel.swift in Sources */ = {isa = PBXBuildFile; fileRef = FC63753FEBA84656A97D790D /* GoalDetailViewModel.swift */; };
		19EF97B1589A4F6191EA40AA /* GoalEditViewModel.swift in Sources */ = {isa = PBXBuildFile; fileRef = 41600919E4B7471E8C7C04A3 /* GoalEditViewModel.swift */; };
		31187E4D18C24AFD8E9EA360 /* GoalEditView.swift in Sources */ = {isa = PBXBuildFile; fileRef = 951D3037C9B340B9AFD53951 /* GoalEditView.swift */; };
		463C0C59C104488E8D765E95 /* GoalHeldChangeServiceTests.swift in Sources */ = {isa = PBXBuildFile; fileRef = 6B2C1E414EFC4F5081CE1EFF /* GoalHeldChangeServiceTests.swift */; };
		D53B0002BD814941ABD3C921 /* DeleteGoalService.swift in Sources */ = {isa = PBXBuildFile; fileRef = D53F0002EEA24F56B29EBB6A /* DeleteGoalService.swift */; };
		D53B0003BD814941ABD3C921 /* DeleteGoalViewModel.swift in Sources */ = {isa = PBXBuildFile; fileRef = D53F0003EEA24F56B29EBB6A /* DeleteGoalViewModel.swift */; };
		D53B0004BD814941ABD3C921 /* DeleteGoalView.swift in Sources */ = {isa = PBXBuildFile; fileRef = D53F0004EEA24F56B29EBB6A /* DeleteGoalView.swift */; };
		D53B0006BD814941ABD3C921 /* DeleteGoalServiceTests.swift in Sources */ = {isa = PBXBuildFile; fileRef = D53F0006EEA24F56B29EBB6A /* DeleteGoalServiceTests.swift */; };
		A57B0001BD814941ABD3C921 /* WithdrawalService.swift in Sources */ = {isa = PBXBuildFile; fileRef = A57F0001EEA24F56B29EBB6A /* WithdrawalService.swift */; };
		A57B0002BD814941ABD3C921 /* WithdrawalViewModel.swift in Sources */ = {isa = PBXBuildFile; fileRef = A57F0002EEA24F56B29EBB6A /* WithdrawalViewModel.swift */; };
		A57B0003BD814941ABD3C921 /* WithdrawalView.swift in Sources */ = {isa = PBXBuildFile; fileRef = A57F0003EEA24F56B29EBB6A /* WithdrawalView.swift */; };
		A57B0004BD814941ABD3C921 /* WithdrawalServiceTests.swift in Sources */ = {isa = PBXBuildFile; fileRef = A57F0004EEA24F56B29EBB6A /* WithdrawalServiceTests.swift */; };
		A57B0005BD814941ABD3C921 /* WithdrawalViewModelTests.swift in Sources */ = {isa = PBXBuildFile; fileRef = A57F0005EEA24F56B29EBB6A /* WithdrawalViewModelTests.swift */; };
		1318D194AA484098BD165D58 /* PiPlannerApp.swift in Sources */ = {isa = PBXBuildFile; fileRef = 656B4AAB996D4CB283413E05 /* PiPlannerApp.swift */; };
		142F0FC7D4894F32A7F74E7B /* Account.swift in Sources */ = {isa = PBXBuildFile; fileRef = C670521930484E588DEE0188 /* Account.swift */; };
		1C65A48285EC416D828D2976 /* Goal.swift in Sources */ = {isa = PBXBuildFile; fileRef = 349DD80CB6684362B4613EB4 /* Goal.swift */; };
		A793547EB4B74E14B2DD17AA /* HistoryEntry.swift in Sources */ = {isa = PBXBuildFile; fileRef = DBB7B9D64AF14990B555634F /* HistoryEntry.swift */; };
		ED4F38A8B7334BC7838962C1 /* StandingSplit.swift in Sources */ = {isa = PBXBuildFile; fileRef = 9452E46E33A542F791986FF1 /* StandingSplit.swift */; };
		7763E11C5B074AABACD9799F /* PersistedAppState.swift in Sources */ = {isa = PBXBuildFile; fileRef = 1814C236925440EFA253DFA8 /* PersistedAppState.swift */; };
		409665F0BBB14EE4A32F8556 /* AppErrors.swift in Sources */ = {isa = PBXBuildFile; fileRef = 8A3CC5C73DA64AC088672737 /* AppErrors.swift */; };
		E3FB4AF5E1DD480B8AB95808 /* AnalyticsEvent.swift in Sources */ = {isa = PBXBuildFile; fileRef = 6D32EDB2E05E4F0FAB65DC53 /* AnalyticsEvent.swift */; };
		C02A7AB59EA74FD48DA6285E /* FormattingService.swift in Sources */ = {isa = PBXBuildFile; fileRef = D6A8D1E227234A47AFC6AA76 /* FormattingService.swift */; };
		8375943D645B49D0863EEBD3 /* PersistenceService.swift in Sources */ = {isa = PBXBuildFile; fileRef = 1631379D5741444D9B38E865 /* PersistenceService.swift */; };
		08EA68393BA94CA89A5EE93E /* FormattingServiceTests.swift in Sources */ = {isa = PBXBuildFile; fileRef = B6E95FBCBC4A41B7993C130A /* FormattingServiceTests.swift */; };
		AC1C20FB804F47A9A093BE79 /* ModelSerializationTests.swift in Sources */ = {isa = PBXBuildFile; fileRef = CB1FF2A2773D47A2A2B2B50D /* ModelSerializationTests.swift */; };
		55A271B3A9AD4E509F89E78C /* PersistenceServiceTests.swift in Sources */ = {isa = PBXBuildFile; fileRef = 99B5A5E93DC14F1EB79CF38A /* PersistenceServiceTests.swift */; };
		AFFB71B888804486BDCBBCC6 /* PiPlannerTests.swift in Sources */ = {isa = PBXBuildFile; fileRef = 4AC30C1DBBFF4793A642AE40 /* PiPlannerTests.swift */; };
		5500093B47DB4442AE0BDAE7 /* Assets.xcassets in Resources */ = {isa = PBXBuildFile; fileRef = 516CFC6EE35C4D688EC16F13 /* Assets.xcassets */; };

		28AC88EFBD814941ABD3C921 /* OpeningSplitService.swift in Sources */ = {isa = PBXBuildFile; fileRef = E356D619EEA24F56B29EBB6A /* OpeningSplitService.swift */; };
		56F71F80590D4A27AAD43050 /* OpeningSplitViewModel.swift in Sources */ = {isa = PBXBuildFile; fileRef = E90291FF624F492F96D5DEBB /* OpeningSplitViewModel.swift */; };
		625CA2888D9F46D499FDFA74 /* OpeningSplitView.swift in Sources */ = {isa = PBXBuildFile; fileRef = 159C2C5B70024F90A3628219 /* OpeningSplitView.swift */; };
		BEE8DE33B42E4134B8B88EBA /* OpeningSplitFlowView.swift in Sources */ = {isa = PBXBuildFile; fileRef = 8D62F79434E5467CABBA0C58 /* OpeningSplitFlowView.swift */; };
		8138935DBAFA4B7490CBA7E6 /* OpeningSplitServiceTests.swift in Sources */ = {isa = PBXBuildFile; fileRef = 40BC3302B98D49298CC4A151 /* OpeningSplitServiceTests.swift */; };
		E80E407F8D7D466F96CC8E4E /* OpeningSplitViewModelTests.swift in Sources */ = {isa = PBXBuildFile; fileRef = 442B1016E1AC4C9BB48B1357 /* OpeningSplitViewModelTests.swift */; };
		A11C0010BD814941ABD3C921 /* AccountsService.swift in Sources */ = {isa = PBXBuildFile; fileRef = A11C0011EEA24F56B29EBB6A /* AccountsService.swift */; };
		A11C0012BD814941ABD3C921 /* AccountsViewModel.swift in Sources */ = {isa = PBXBuildFile; fileRef = A11C0013EEA24F56B29EBB6A /* AccountsViewModel.swift */; };
		A11C0014BD814941ABD3C921 /* AccountsView.swift in Sources */ = {isa = PBXBuildFile; fileRef = A11C0015EEA24F56B29EBB6A /* AccountsView.swift */; };
		A11C0016BD814941ABD3C921 /* AccountsFlowView.swift in Sources */ = {isa = PBXBuildFile; fileRef = A11C0017EEA24F56B29EBB6A /* AccountsFlowView.swift */; };
		A11C001ABD814941ABD3C921 /* AccountsServiceTests.swift in Sources */ = {isa = PBXBuildFile; fileRef = A11C001BEEA24F56B29EBB6A /* AccountsServiceTests.swift */; };
		A11C001CBD814941ABD3C921 /* AccountsViewModelTests.swift in Sources */ = {isa = PBXBuildFile; fileRef = A11C001DEEA24F56B29EBB6A /* AccountsViewModelTests.swift */; };
		A827E2F873CA4E2AB8A029D6 /* AppLaunchRouter.swift in Sources */ = {isa = PBXBuildFile; fileRef = 391854E68EAC46CDA39D0B3B /* AppLaunchRouter.swift */; };
		423A5096BCAD46EC90311933 /* WelcomeViewModel.swift in Sources */ = {isa = PBXBuildFile; fileRef = DED0C70FB32642E2B1F5D5B7 /* WelcomeViewModel.swift */; };
		84194582E8D840E6A12F3A0A /* WelcomeView.swift in Sources */ = {isa = PBXBuildFile; fileRef = 3B52D6C2FE4146BA84592866 /* WelcomeView.swift */; };
		A96DD71BE5B642908C414C87 /* WelcomeFlowView.swift in Sources */ = {isa = PBXBuildFile; fileRef = C3D5DA0FD5AF48D6BA156E3E /* WelcomeFlowView.swift */; };
		F13572D6AE9A4323879B80E5 /* AppLaunchRouterTests.swift in Sources */ = {isa = PBXBuildFile; fileRef = EF49BE600E2449DEAAFDE202 /* AppLaunchRouterTests.swift */; };
		5F6188E2699E40068E8AF2D0 /* WelcomeViewModelTests.swift in Sources */ = {isa = PBXBuildFile; fileRef = 5D8786C6E2CF42CB842FED32 /* WelcomeViewModelTests.swift */; };
		0762A7393A06489AA35C9A8F /* WelcomeUITests.swift in Sources */ = {isa = PBXBuildFile; fileRef = 648FE7AD42B2471E947DD9DD /* WelcomeUITests.swift */; };
		B39A0010BD814941ABD3C921 /* BalanceSyncService.swift in Sources */ = {isa = PBXBuildFile; fileRef = B39A0011EEA24F56B29EBB6A /* BalanceSyncService.swift */; };
		B39A0012BD814941ABD3C921 /* ConsentViewModel.swift in Sources */ = {isa = PBXBuildFile; fileRef = B39A0013EEA24F56B29EBB6A /* ConsentViewModel.swift */; };
		B39A0014BD814941ABD3C921 /* ConsentSheet.swift in Sources */ = {isa = PBXBuildFile; fileRef = B39A0015EEA24F56B29EBB6A /* ConsentSheet.swift */; };
		B39A0016BD814941ABD3C921 /* ManualBalanceView.swift in Sources */ = {isa = PBXBuildFile; fileRef = B39A0017EEA24F56B29EBB6A /* ManualBalanceView.swift */; };
		B39A0018BD814941ABD3C921 /* UPIPinView.swift in Sources */ = {isa = PBXBuildFile; fileRef = B39A0019EEA24F56B29EBB6A /* UPIPinView.swift */; };
		B39A001ABD814941ABD3C921 /* BalanceSyncServiceTests.swift in Sources */ = {isa = PBXBuildFile; fileRef = B39A001BEEA24F56B29EBB6A /* BalanceSyncServiceTests.swift */; };
		B39A001CBD814941ABD3C921 /* ConsentViewModelTests.swift in Sources */ = {isa = PBXBuildFile; fileRef = B39A001DEEA24F56B29EBB6A /* ConsentViewModelTests.swift */; };
		C41A1000BD814941ABD3C921 /* GrokService.swift in Sources */ = {isa = PBXBuildFile; fileRef = C41A1001EEA24F56B29EBB6A /* GrokService.swift */; };
		C41A1002BD814941ABD3C921 /* GoalValidationService.swift in Sources */ = {isa = PBXBuildFile; fileRef = C41A1003EEA24F56B29EBB6A /* GoalValidationService.swift */; };
		C41A1004BD814941ABD3C921 /* GoalChatViewModel.swift in Sources */ = {isa = PBXBuildFile; fileRef = C41A1005EEA24F56B29EBB6A /* GoalChatViewModel.swift */; };
		C41A1006BD814941ABD3C921 /* GoalChatView.swift in Sources */ = {isa = PBXBuildFile; fileRef = C41A1007EEA24F56B29EBB6A /* GoalChatView.swift */; };
		C41A1008BD814941ABD3C921 /* GoalFormView.swift in Sources */ = {isa = PBXBuildFile; fileRef = C41A1009EEA24F56B29EBB6A /* GoalFormView.swift */; };
		C41A100ABD814941ABD3C921 /* InflationPopup.swift in Sources */ = {isa = PBXBuildFile; fileRef = C41A100BEEA24F56B29EBB6A /* InflationPopup.swift */; };
		C41A100CBD814941ABD3C921 /* GrokServiceTests.swift in Sources */ = {isa = PBXBuildFile; fileRef = C41A100DEEA24F56B29EBB6A /* GrokServiceTests.swift */; };
		C41A100EBD814941ABD3C921 /* GoalValidationServiceTests.swift in Sources */ = {isa = PBXBuildFile; fileRef = C41A100FEEA24F56B29EBB6A /* GoalValidationServiceTests.swift */; };
		C41A1010BD814941ABD3C921 /* GoalChatViewModelTests.swift in Sources */ = {isa = PBXBuildFile; fileRef = C41A1011EEA24F56B29EBB6A /* GoalChatViewModelTests.swift */; };

		A45B0001BD814941ABD3C921 /* GoalsTabService.swift in Sources */ = {isa = PBXBuildFile; fileRef = A45F0001EEA24F56B29EBB6A /* GoalsTabService.swift */; };
		A45B0002BD814941ABD3C921 /* GoalsViewModel.swift in Sources */ = {isa = PBXBuildFile; fileRef = A45F0002EEA24F56B29EBB6A /* GoalsViewModel.swift */; };
		A45B0003BD814941ABD3C921 /* MainTabView.swift in Sources */ = {isa = PBXBuildFile; fileRef = A45F0003EEA24F56B29EBB6A /* MainTabView.swift */; };
		A45B0004BD814941ABD3C921 /* GoalsTabView.swift in Sources */ = {isa = PBXBuildFile; fileRef = A45F0004EEA24F56B29EBB6A /* GoalsTabView.swift */; };
		A45B0005BD814941ABD3C921 /* BalanceCard.swift in Sources */ = {isa = PBXBuildFile; fileRef = A45F0005EEA24F56B29EBB6A /* BalanceCard.swift */; };
		A45B0006BD814941ABD3C921 /* GoalCard.swift in Sources */ = {isa = PBXBuildFile; fileRef = A45F0006EEA24F56B29EBB6A /* GoalCard.swift */; };
		A45B0007BD814941ABD3C921 /* GoalDetailView.swift in Sources */ = {isa = PBXBuildFile; fileRef = A45F0007EEA24F56B29EBB6A /* GoalDetailView.swift */; };
		A45B0008BD814941ABD3C921 /* SyncSheet.swift in Sources */ = {isa = PBXBuildFile; fileRef = A45F0008EEA24F56B29EBB6A /* SyncSheet.swift */; };
		A45B0009BD814941ABD3C921 /* UpdateBalanceSheet.swift in Sources */ = {isa = PBXBuildFile; fileRef = A45F0009EEA24F56B29EBB6A /* UpdateBalanceSheet.swift */; };
		A45B000ABD814941ABD3C921 /* HistoryTabView.swift in Sources */ = {isa = PBXBuildFile; fileRef = A45F000AEEA24F56B29EBB6A /* HistoryTabView.swift */; };
		A45B000BBD814941ABD3C921 /* AskTabView.swift in Sources */ = {isa = PBXBuildFile; fileRef = A45F000BEEA24F56B29EBB6A /* AskTabView.swift */; };
		A45B000CBD814941ABD3C921 /* SettingsView.swift in Sources */ = {isa = PBXBuildFile; fileRef = A45F000CEEA24F56B29EBB6A /* SettingsView.swift */; };
		A45B000DBD814941ABD3C921 /* GoalsTabServiceTests.swift in Sources */ = {isa = PBXBuildFile; fileRef = A45F000DEEA24F56B29EBB6A /* GoalsTabServiceTests.swift */; };
		A45B000EBD814941ABD3C921 /* GoalsViewModelTests.swift in Sources */ = {isa = PBXBuildFile; fileRef = A45F000EEEA24F56B29EBB6A /* GoalsViewModelTests.swift */; };
		A45B000FBD814941ABD3C921 /* GoalsTabUITests.swift in Sources */ = {isa = PBXBuildFile; fileRef = A45F000FEEA24F56B29EBB6A /* GoalsTabUITests.swift */; };
		D47A0010BD814941ABD3C921 /* CreditEntryService.swift in Sources */ = {isa = PBXBuildFile; fileRef = D47A0011EEA24F56B29EBB6A /* CreditEntryService.swift */; };
		D47A0012BD814941ABD3C921 /* CreditSyncViewModel.swift in Sources */ = {isa = PBXBuildFile; fileRef = D47A0013EEA24F56B29EBB6A /* CreditSyncViewModel.swift */; };
		D47A0014BD814941ABD3C921 /* CreditUpdateBalanceViewModel.swift in Sources */ = {isa = PBXBuildFile; fileRef = D47A0015EEA24F56B29EBB6A /* CreditUpdateBalanceViewModel.swift */; };
		D47A0016BD814941ABD3C921 /* CreditEntryViewModel.swift in Sources */ = {isa = PBXBuildFile; fileRef = D47A0017EEA24F56B29EBB6A /* CreditEntryViewModel.swift */; };
		D47A0018BD814941ABD3C921 /* CreditSyncSheet.swift in Sources */ = {isa = PBXBuildFile; fileRef = D47A0019EEA24F56B29EBB6A /* CreditSyncSheet.swift */; };
		D47A001ABD814941ABD3C921 /* CreditUpdateBalanceSheet.swift in Sources */ = {isa = PBXBuildFile; fileRef = D47A001BEEA24F56B29EBB6A /* CreditUpdateBalanceSheet.swift */; };
		D47A001CBD814941ABD3C921 /* CreditEntryView.swift in Sources */ = {isa = PBXBuildFile; fileRef = D47A001DEEA24F56B29EBB6A /* CreditEntryView.swift */; };
		D47A001EBD814941ABD3C921 /* OpenEntryBanner.swift in Sources */ = {isa = PBXBuildFile; fileRef = D47A001FEEA24F56B29EBB6A /* OpenEntryBanner.swift */; };
		D47A0020BD814941ABD3C921 /* CreditFlowHostView.swift in Sources */ = {isa = PBXBuildFile; fileRef = D47A0021EEA24F56B29EBB6A /* CreditFlowHostView.swift */; };
		D47A0022BD814941ABD3C921 /* CreditEntryServiceTests.swift in Sources */ = {isa = PBXBuildFile; fileRef = D47A0023EEA24F56B29EBB6A /* CreditEntryServiceTests.swift */; };
		B51B0001BD814941ABD3C921 /* StandingSplitService.swift in Sources */ = {isa = PBXBuildFile; fileRef = B51A0001EEA24F56B29EBB6A /* StandingSplitService.swift */; };
		B51B0002BD814941ABD3C921 /* StandingSplitViewModel.swift in Sources */ = {isa = PBXBuildFile; fileRef = B51A0002EEA24F56B29EBB6A /* StandingSplitViewModel.swift */; };
		B51B0003BD814941ABD3C921 /* StandingSplitView.swift in Sources */ = {isa = PBXBuildFile; fileRef = B51A0003EEA24F56B29EBB6A /* StandingSplitView.swift */; };
		B51B0004BD814941ABD3C921 /* StandingSplitServiceTests.swift in Sources */ = {isa = PBXBuildFile; fileRef = B51A0004EEA24F56B29EBB6A /* StandingSplitServiceTests.swift */; };
		B51B0005BD814941ABD3C921 /* StandingSplitViewModelTests.swift in Sources */ = {isa = PBXBuildFile; fileRef = B51A0005EEA24F56B29EBB6A /* StandingSplitViewModelTests.swift */; };
/* End PBXBuildFile section */

/* Begin PBXFileReference section */
		B4D2A46051C4405F889BBCAF /* HeldGoalChange.swift */ = {isa = PBXFileReference; lastKnownFileType = sourcecode.swift; path = HeldGoalChange.swift; sourceTree = "<group>"; };
		EF363595F0454DF3B16C9ED3 /* GoalHeldChangeService.swift */ = {isa = PBXFileReference; lastKnownFileType = sourcecode.swift; path = GoalHeldChangeService.swift; sourceTree = "<group>"; };
		FC63753FEBA84656A97D790D /* GoalDetailViewModel.swift */ = {isa = PBXFileReference; lastKnownFileType = sourcecode.swift; path = GoalDetailViewModel.swift; sourceTree = "<group>"; };
		41600919E4B7471E8C7C04A3 /* GoalEditViewModel.swift */ = {isa = PBXFileReference; lastKnownFileType = sourcecode.swift; path = GoalEditViewModel.swift; sourceTree = "<group>"; };
		951D3037C9B340B9AFD53951 /* GoalEditView.swift */ = {isa = PBXFileReference; lastKnownFileType = sourcecode.swift; path = GoalEditView.swift; sourceTree = "<group>"; };
		6B2C1E414EFC4F5081CE1EFF /* GoalHeldChangeServiceTests.swift */ = {isa = PBXFileReference; lastKnownFileType = sourcecode.swift; path = GoalHeldChangeServiceTests.swift; sourceTree = "<group>"; };
		D53F0002EEA24F56B29EBB6A /* DeleteGoalService.swift */ = {isa = PBXFileReference; lastKnownFileType = sourcecode.swift; path = DeleteGoalService.swift; sourceTree = "<group>"; };
		D53F0003EEA24F56B29EBB6A /* DeleteGoalViewModel.swift */ = {isa = PBXFileReference; lastKnownFileType = sourcecode.swift; path = DeleteGoalViewModel.swift; sourceTree = "<group>"; };
		D53F0004EEA24F56B29EBB6A /* DeleteGoalView.swift */ = {isa = PBXFileReference; lastKnownFileType = sourcecode.swift; path = DeleteGoalView.swift; sourceTree = "<group>"; };
		D53F0006EEA24F56B29EBB6A /* DeleteGoalServiceTests.swift */ = {isa = PBXFileReference; lastKnownFileType = sourcecode.swift; path = DeleteGoalServiceTests.swift; sourceTree = "<group>"; };
		A57F0001EEA24F56B29EBB6A /* WithdrawalService.swift */ = {isa = PBXFileReference; lastKnownFileType = sourcecode.swift; path = WithdrawalService.swift; sourceTree = "<group>"; };
		A57F0002EEA24F56B29EBB6A /* WithdrawalViewModel.swift */ = {isa = PBXFileReference; lastKnownFileType = sourcecode.swift; path = WithdrawalViewModel.swift; sourceTree = "<group>"; };
		A57F0003EEA24F56B29EBB6A /* WithdrawalView.swift */ = {isa = PBXFileReference; lastKnownFileType = sourcecode.swift; path = WithdrawalView.swift; sourceTree = "<group>"; };
		A57F0004EEA24F56B29EBB6A /* WithdrawalServiceTests.swift */ = {isa = PBXFileReference; lastKnownFileType = sourcecode.swift; path = WithdrawalServiceTests.swift; sourceTree = "<group>"; };
		A57F0005EEA24F56B29EBB6A /* WithdrawalViewModelTests.swift */ = {isa = PBXFileReference; lastKnownFileType = sourcecode.swift; path = WithdrawalViewModelTests.swift; sourceTree = "<group>"; };
		656B4AAB996D4CB283413E05 /* PiPlannerApp.swift */ = {isa = PBXFileReference; lastKnownFileType = sourcecode.swift; path = PiPlannerApp.swift; sourceTree = "<group>"; };
		C670521930484E588DEE0188 /* Account.swift */ = {isa = PBXFileReference; lastKnownFileType = sourcecode.swift; path = Account.swift; sourceTree = "<group>"; };
		349DD80CB6684362B4613EB4 /* Goal.swift */ = {isa = PBXFileReference; lastKnownFileType = sourcecode.swift; path = Goal.swift; sourceTree = "<group>"; };
		DBB7B9D64AF14990B555634F /* HistoryEntry.swift */ = {isa = PBXFileReference; lastKnownFileType = sourcecode.swift; path = HistoryEntry.swift; sourceTree = "<group>"; };
		9452E46E33A542F791986FF1 /* StandingSplit.swift */ = {isa = PBXFileReference; lastKnownFileType = sourcecode.swift; path = StandingSplit.swift; sourceTree = "<group>"; };
		1814C236925440EFA253DFA8 /* PersistedAppState.swift */ = {isa = PBXFileReference; lastKnownFileType = sourcecode.swift; path = PersistedAppState.swift; sourceTree = "<group>"; };
		8A3CC5C73DA64AC088672737 /* AppErrors.swift */ = {isa = PBXFileReference; lastKnownFileType = sourcecode.swift; path = AppErrors.swift; sourceTree = "<group>"; };
		6D32EDB2E05E4F0FAB65DC53 /* AnalyticsEvent.swift */ = {isa = PBXFileReference; lastKnownFileType = sourcecode.swift; path = AnalyticsEvent.swift; sourceTree = "<group>"; };
		D6A8D1E227234A47AFC6AA76 /* FormattingService.swift */ = {isa = PBXFileReference; lastKnownFileType = sourcecode.swift; path = FormattingService.swift; sourceTree = "<group>"; };
		1631379D5741444D9B38E865 /* PersistenceService.swift */ = {isa = PBXFileReference; lastKnownFileType = sourcecode.swift; path = PersistenceService.swift; sourceTree = "<group>"; };
		B6E95FBCBC4A41B7993C130A /* FormattingServiceTests.swift */ = {isa = PBXFileReference; lastKnownFileType = sourcecode.swift; path = FormattingServiceTests.swift; sourceTree = "<group>"; };
		CB1FF2A2773D47A2A2B2B50D /* ModelSerializationTests.swift */ = {isa = PBXFileReference; lastKnownFileType = sourcecode.swift; path = ModelSerializationTests.swift; sourceTree = "<group>"; };
		99B5A5E93DC14F1EB79CF38A /* PersistenceServiceTests.swift */ = {isa = PBXFileReference; lastKnownFileType = sourcecode.swift; path = PersistenceServiceTests.swift; sourceTree = "<group>"; };
		4AC30C1DBBFF4793A642AE40 /* PiPlannerTests.swift */ = {isa = PBXFileReference; lastKnownFileType = sourcecode.swift; path = PiPlannerTests.swift; sourceTree = "<group>"; };
		5E30C13C767C4A099356785D /* PiPlanner.app */ = {isa = PBXFileReference; explicitFileType = wrapper.application; includeInIndex = 0; path = PiPlanner.app; sourceTree = BUILT_PRODUCTS_DIR; };
		36DFD0A484664F5C9ED2552C /* PiPlannerTests.xctest */ = {isa = PBXFileReference; explicitFileType = wrapper.cfbundle; includeInIndex = 0; path = PiPlannerTests.xctest; sourceTree = BUILT_PRODUCTS_DIR; };
		516CFC6EE35C4D688EC16F13 /* Assets.xcassets */ = {isa = PBXFileReference; lastKnownFileType = folder.assetcatalog; path = Assets.xcassets; sourceTree = "<group>"; };

		E356D619EEA24F56B29EBB6A /* OpeningSplitService.swift */ = {isa = PBXFileReference; lastKnownFileType = sourcecode.swift; path = OpeningSplitService.swift; sourceTree = "<group>"; };
		E90291FF624F492F96D5DEBB /* OpeningSplitViewModel.swift */ = {isa = PBXFileReference; lastKnownFileType = sourcecode.swift; path = OpeningSplitViewModel.swift; sourceTree = "<group>"; };
		159C2C5B70024F90A3628219 /* OpeningSplitView.swift */ = {isa = PBXFileReference; lastKnownFileType = sourcecode.swift; path = OpeningSplitView.swift; sourceTree = "<group>"; };
		8D62F79434E5467CABBA0C58 /* OpeningSplitFlowView.swift */ = {isa = PBXFileReference; lastKnownFileType = sourcecode.swift; path = OpeningSplitFlowView.swift; sourceTree = "<group>"; };
		40BC3302B98D49298CC4A151 /* OpeningSplitServiceTests.swift */ = {isa = PBXFileReference; lastKnownFileType = sourcecode.swift; path = OpeningSplitServiceTests.swift; sourceTree = "<group>"; };
		442B1016E1AC4C9BB48B1357 /* OpeningSplitViewModelTests.swift */ = {isa = PBXFileReference; lastKnownFileType = sourcecode.swift; path = OpeningSplitViewModelTests.swift; sourceTree = "<group>"; };
		A11C0011EEA24F56B29EBB6A /* AccountsService.swift */ = {isa = PBXFileReference; lastKnownFileType = sourcecode.swift; path = AccountsService.swift; sourceTree = "<group>"; };
		A11C0013EEA24F56B29EBB6A /* AccountsViewModel.swift */ = {isa = PBXFileReference; lastKnownFileType = sourcecode.swift; path = AccountsViewModel.swift; sourceTree = "<group>"; };
		A11C0015EEA24F56B29EBB6A /* AccountsView.swift */ = {isa = PBXFileReference; lastKnownFileType = sourcecode.swift; path = AccountsView.swift; sourceTree = "<group>"; };
		A11C0017EEA24F56B29EBB6A /* AccountsFlowView.swift */ = {isa = PBXFileReference; lastKnownFileType = sourcecode.swift; path = AccountsFlowView.swift; sourceTree = "<group>"; };
		A11C001BEEA24F56B29EBB6A /* AccountsServiceTests.swift */ = {isa = PBXFileReference; lastKnownFileType = sourcecode.swift; path = AccountsServiceTests.swift; sourceTree = "<group>"; };
		A11C001DEEA24F56B29EBB6A /* AccountsViewModelTests.swift */ = {isa = PBXFileReference; lastKnownFileType = sourcecode.swift; path = AccountsViewModelTests.swift; sourceTree = "<group>"; };
		391854E68EAC46CDA39D0B3B /* AppLaunchRouter.swift */ = {isa = PBXFileReference; lastKnownFileType = sourcecode.swift; path = AppLaunchRouter.swift; sourceTree = "<group>"; };
		DED0C70FB32642E2B1F5D5B7 /* WelcomeViewModel.swift */ = {isa = PBXFileReference; lastKnownFileType = sourcecode.swift; path = WelcomeViewModel.swift; sourceTree = "<group>"; };
		3B52D6C2FE4146BA84592866 /* WelcomeView.swift */ = {isa = PBXFileReference; lastKnownFileType = sourcecode.swift; path = WelcomeView.swift; sourceTree = "<group>"; };
		C3D5DA0FD5AF48D6BA156E3E /* WelcomeFlowView.swift */ = {isa = PBXFileReference; lastKnownFileType = sourcecode.swift; path = WelcomeFlowView.swift; sourceTree = "<group>"; };
		EF49BE600E2449DEAAFDE202 /* AppLaunchRouterTests.swift */ = {isa = PBXFileReference; lastKnownFileType = sourcecode.swift; path = AppLaunchRouterTests.swift; sourceTree = "<group>"; };
		5D8786C6E2CF42CB842FED32 /* WelcomeViewModelTests.swift */ = {isa = PBXFileReference; lastKnownFileType = sourcecode.swift; path = WelcomeViewModelTests.swift; sourceTree = "<group>"; };
		648FE7AD42B2471E947DD9DD /* WelcomeUITests.swift */ = {isa = PBXFileReference; lastKnownFileType = sourcecode.swift; path = WelcomeUITests.swift; sourceTree = "<group>"; };
		8410F99D1749426EB531CC14 /* PiPlannerUITests.xctest */ = {isa = PBXFileReference; explicitFileType = wrapper.cfbundle; includeInIndex = 0; path = PiPlannerUITests.xctest; sourceTree = BUILT_PRODUCTS_DIR; };
		B39A0011EEA24F56B29EBB6A /* BalanceSyncService.swift */ = {isa = PBXFileReference; lastKnownFileType = sourcecode.swift; path = BalanceSyncService.swift; sourceTree = "<group>"; };
		B39A0013EEA24F56B29EBB6A /* ConsentViewModel.swift */ = {isa = PBXFileReference; lastKnownFileType = sourcecode.swift; path = ConsentViewModel.swift; sourceTree = "<group>"; };
		B39A0015EEA24F56B29EBB6A /* ConsentSheet.swift */ = {isa = PBXFileReference; lastKnownFileType = sourcecode.swift; path = ConsentSheet.swift; sourceTree = "<group>"; };
		B39A0017EEA24F56B29EBB6A /* ManualBalanceView.swift */ = {isa = PBXFileReference; lastKnownFileType = sourcecode.swift; path = ManualBalanceView.swift; sourceTree = "<group>"; };
		B39A0019EEA24F56B29EBB6A /* UPIPinView.swift */ = {isa = PBXFileReference; lastKnownFileType = sourcecode.swift; path = UPIPinView.swift; sourceTree = "<group>"; };
		B39A001BEEA24F56B29EBB6A /* BalanceSyncServiceTests.swift */ = {isa = PBXFileReference; lastKnownFileType = sourcecode.swift; path = BalanceSyncServiceTests.swift; sourceTree = "<group>"; };
		B39A001DEEA24F56B29EBB6A /* ConsentViewModelTests.swift */ = {isa = PBXFileReference; lastKnownFileType = sourcecode.swift; path = ConsentViewModelTests.swift; sourceTree = "<group>"; };
		C41A1001EEA24F56B29EBB6A /* GrokService.swift */ = {isa = PBXFileReference; lastKnownFileType = sourcecode.swift; path = GrokService.swift; sourceTree = "<group>"; };
		C41A1003EEA24F56B29EBB6A /* GoalValidationService.swift */ = {isa = PBXFileReference; lastKnownFileType = sourcecode.swift; path = GoalValidationService.swift; sourceTree = "<group>"; };
		C41A1005EEA24F56B29EBB6A /* GoalChatViewModel.swift */ = {isa = PBXFileReference; lastKnownFileType = sourcecode.swift; path = GoalChatViewModel.swift; sourceTree = "<group>"; };
		C41A1007EEA24F56B29EBB6A /* GoalChatView.swift */ = {isa = PBXFileReference; lastKnownFileType = sourcecode.swift; path = GoalChatView.swift; sourceTree = "<group>"; };
		C41A1009EEA24F56B29EBB6A /* GoalFormView.swift */ = {isa = PBXFileReference; lastKnownFileType = sourcecode.swift; path = GoalFormView.swift; sourceTree = "<group>"; };
		C41A100BEEA24F56B29EBB6A /* InflationPopup.swift */ = {isa = PBXFileReference; lastKnownFileType = sourcecode.swift; path = InflationPopup.swift; sourceTree = "<group>"; };
		C41A100DEEA24F56B29EBB6A /* GrokServiceTests.swift */ = {isa = PBXFileReference; lastKnownFileType = sourcecode.swift; path = GrokServiceTests.swift; sourceTree = "<group>"; };
		C41A100FEEA24F56B29EBB6A /* GoalValidationServiceTests.swift */ = {isa = PBXFileReference; lastKnownFileType = sourcecode.swift; path = GoalValidationServiceTests.swift; sourceTree = "<group>"; };
		C41A1011EEA24F56B29EBB6A /* GoalChatViewModelTests.swift */ = {isa = PBXFileReference; lastKnownFileType = sourcecode.swift; path = GoalChatViewModelTests.swift; sourceTree = "<group>"; };

		A45F0001EEA24F56B29EBB6A /* GoalsTabService.swift */ = {isa = PBXFileReference; lastKnownFileType = sourcecode.swift; path = GoalsTabService.swift; sourceTree = "<group>"; };
		A45F0002EEA24F56B29EBB6A /* GoalsViewModel.swift */ = {isa = PBXFileReference; lastKnownFileType = sourcecode.swift; path = GoalsViewModel.swift; sourceTree = "<group>"; };
		A45F0003EEA24F56B29EBB6A /* MainTabView.swift */ = {isa = PBXFileReference; lastKnownFileType = sourcecode.swift; path = MainTabView.swift; sourceTree = "<group>"; };
		A45F0004EEA24F56B29EBB6A /* GoalsTabView.swift */ = {isa = PBXFileReference; lastKnownFileType = sourcecode.swift; path = GoalsTabView.swift; sourceTree = "<group>"; };
		A45F0005EEA24F56B29EBB6A /* BalanceCard.swift */ = {isa = PBXFileReference; lastKnownFileType = sourcecode.swift; path = BalanceCard.swift; sourceTree = "<group>"; };
		A45F0006EEA24F56B29EBB6A /* GoalCard.swift */ = {isa = PBXFileReference; lastKnownFileType = sourcecode.swift; path = GoalCard.swift; sourceTree = "<group>"; };
		A45F0007EEA24F56B29EBB6A /* GoalDetailView.swift */ = {isa = PBXFileReference; lastKnownFileType = sourcecode.swift; path = GoalDetailView.swift; sourceTree = "<group>"; };
		A45F0008EEA24F56B29EBB6A /* SyncSheet.swift */ = {isa = PBXFileReference; lastKnownFileType = sourcecode.swift; path = SyncSheet.swift; sourceTree = "<group>"; };
		A45F0009EEA24F56B29EBB6A /* UpdateBalanceSheet.swift */ = {isa = PBXFileReference; lastKnownFileType = sourcecode.swift; path = UpdateBalanceSheet.swift; sourceTree = "<group>"; };
		A45F000AEEA24F56B29EBB6A /* HistoryTabView.swift */ = {isa = PBXFileReference; lastKnownFileType = sourcecode.swift; path = HistoryTabView.swift; sourceTree = "<group>"; };
		A45F000BEEA24F56B29EBB6A /* AskTabView.swift */ = {isa = PBXFileReference; lastKnownFileType = sourcecode.swift; path = AskTabView.swift; sourceTree = "<group>"; };
		A45F000CEEA24F56B29EBB6A /* SettingsView.swift */ = {isa = PBXFileReference; lastKnownFileType = sourcecode.swift; path = SettingsView.swift; sourceTree = "<group>"; };
		A45F000DEEA24F56B29EBB6A /* GoalsTabServiceTests.swift */ = {isa = PBXFileReference; lastKnownFileType = sourcecode.swift; path = GoalsTabServiceTests.swift; sourceTree = "<group>"; };
		A45F000EEEA24F56B29EBB6A /* GoalsViewModelTests.swift */ = {isa = PBXFileReference; lastKnownFileType = sourcecode.swift; path = GoalsViewModelTests.swift; sourceTree = "<group>"; };
		A45F000FEEA24F56B29EBB6A /* GoalsTabUITests.swift */ = {isa = PBXFileReference; lastKnownFileType = sourcecode.swift; path = GoalsTabUITests.swift; sourceTree = "<group>"; };
		D47A0011EEA24F56B29EBB6A /* CreditEntryService.swift */ = {isa = PBXFileReference; lastKnownFileType = sourcecode.swift; path = CreditEntryService.swift; sourceTree = "<group>"; };
		D47A0013EEA24F56B29EBB6A /* CreditSyncViewModel.swift */ = {isa = PBXFileReference; lastKnownFileType = sourcecode.swift; path = CreditSyncViewModel.swift; sourceTree = "<group>"; };
		D47A0015EEA24F56B29EBB6A /* CreditUpdateBalanceViewModel.swift */ = {isa = PBXFileReference; lastKnownFileType = sourcecode.swift; path = CreditUpdateBalanceViewModel.swift; sourceTree = "<group>"; };
		D47A0017EEA24F56B29EBB6A /* CreditEntryViewModel.swift */ = {isa = PBXFileReference; lastKnownFileType = sourcecode.swift; path = CreditEntryViewModel.swift; sourceTree = "<group>"; };
		D47A0019EEA24F56B29EBB6A /* CreditSyncSheet.swift */ = {isa = PBXFileReference; lastKnownFileType = sourcecode.swift; path = CreditSyncSheet.swift; sourceTree = "<group>"; };
		D47A001BEEA24F56B29EBB6A /* CreditUpdateBalanceSheet.swift */ = {isa = PBXFileReference; lastKnownFileType = sourcecode.swift; path = CreditUpdateBalanceSheet.swift; sourceTree = "<group>"; };
		D47A001DEEA24F56B29EBB6A /* CreditEntryView.swift */ = {isa = PBXFileReference; lastKnownFileType = sourcecode.swift; path = CreditEntryView.swift; sourceTree = "<group>"; };
		D47A001FEEA24F56B29EBB6A /* OpenEntryBanner.swift */ = {isa = PBXFileReference; lastKnownFileType = sourcecode.swift; path = OpenEntryBanner.swift; sourceTree = "<group>"; };
		D47A0021EEA24F56B29EBB6A /* CreditFlowHostView.swift */ = {isa = PBXFileReference; lastKnownFileType = sourcecode.swift; path = CreditFlowHostView.swift; sourceTree = "<group>"; };
		D47A0023EEA24F56B29EBB6A /* CreditEntryServiceTests.swift */ = {isa = PBXFileReference; lastKnownFileType = sourcecode.swift; path = CreditEntryServiceTests.swift; sourceTree = "<group>"; };
		B51A0001EEA24F56B29EBB6A /* StandingSplitService.swift */ = {isa = PBXFileReference; lastKnownFileType = sourcecode.swift; path = StandingSplitService.swift; sourceTree = "<group>"; };
		B51A0002EEA24F56B29EBB6A /* StandingSplitViewModel.swift */ = {isa = PBXFileReference; lastKnownFileType = sourcecode.swift; path = StandingSplitViewModel.swift; sourceTree = "<group>"; };
		B51A0003EEA24F56B29EBB6A /* StandingSplitView.swift */ = {isa = PBXFileReference; lastKnownFileType = sourcecode.swift; path = StandingSplitView.swift; sourceTree = "<group>"; };
		B51A0004EEA24F56B29EBB6A /* StandingSplitServiceTests.swift */ = {isa = PBXFileReference; lastKnownFileType = sourcecode.swift; path = StandingSplitServiceTests.swift; sourceTree = "<group>"; };
		B51A0005EEA24F56B29EBB6A /* StandingSplitViewModelTests.swift */ = {isa = PBXFileReference; lastKnownFileType = sourcecode.swift; path = StandingSplitViewModelTests.swift; sourceTree = "<group>"; };
/* End PBXFileReference section */

/* Begin PBXFrameworksBuildPhase section */
		100CFD0961AD4FAC9F01C405 /* Frameworks */ = {
			isa = PBXFrameworksBuildPhase;
			buildActionMask = 2147483647;
			files = (
			);
			runOnlyForDeploymentPostprocessing = 0;
		};
		25D9DD767D9B4A48876810C6 /* Frameworks */ = {
			isa = PBXFrameworksBuildPhase;
			buildActionMask = 2147483647;
			files = (
			);
			runOnlyForDeploymentPostprocessing = 0;
		};
		41211820DB8F4DED9CCDED12 /* Frameworks */ = {
			isa = PBXFrameworksBuildPhase;
			buildActionMask = 2147483647;
			files = (
			);
			runOnlyForDeploymentPostprocessing = 0;
		};
/* End PBXFrameworksBuildPhase section */

/* Begin PBXGroup section */
		B17BECEA664D494594224742 = {
			isa = PBXGroup;
			children = (
				8799A11EEA214253810C2CF5 /* PiPlanner */,
				F52D444208AF44249CFFEC39 /* PiPlannerTests */,
				B2E1C0D9A8F7465E9B3C1A20 /* PiPlannerUITests */,
				1B4A92531F3B4459A5B9B6EE /* Products */,
			);
			sourceTree = "<group>";
		};
		1B4A92531F3B4459A5B9B6EE /* Products */ = {
			isa = PBXGroup;
			children = (
				5E30C13C767C4A099356785D /* PiPlanner.app */,
				36DFD0A484664F5C9ED2552C /* PiPlannerTests.xctest */,
				8410F99D1749426EB531CC14 /* PiPlannerUITests.xctest */,
			);
			name = Products;
			sourceTree = "<group>";
		};
		8799A11EEA214253810C2CF5 /* PiPlanner */ = {
			isa = PBXGroup;
			children = (
				5F41A72E4F0C4BE8A596B3AF /* App */,
				42D730D4115640B592F541FF /* Models */,
				78F08922B0484E3FAD8736A2 /* Services */,
				157666E0AF2B4DDE9C80C295 /* ViewModels */,
				D214C0DD37DD4230A10E8BA8 /* Views */,
				FAA719A723F14AD19856F4AF /* Components */,
				AC6FBA1EF52E42E48C233339 /* Resources */,
				516CFC6EE35C4D688EC16F13 /* Assets.xcassets */,
			);
			path = PiPlanner;
			sourceTree = "<group>";
		};
		5F41A72E4F0C4BE8A596B3AF /* App */ = {
			isa = PBXGroup;
			children = (
				656B4AAB996D4CB283413E05 /* PiPlannerApp.swift */,
			);
			path = App;
			sourceTree = "<group>";
		};
		42D730D4115640B592F541FF /* Models */ = {
			isa = PBXGroup;
			children = (
				B4D2A46051C4405F889BBCAF /* HeldGoalChange.swift */,
				C670521930484E588DEE0188 /* Account.swift */,
				349DD80CB6684362B4613EB4 /* Goal.swift */,
				DBB7B9D64AF14990B555634F /* HistoryEntry.swift */,
				9452E46E33A542F791986FF1 /* StandingSplit.swift */,
				1814C236925440EFA253DFA8 /* PersistedAppState.swift */,
				8A3CC5C73DA64AC088672737 /* AppErrors.swift */,
				6D32EDB2E05E4F0FAB65DC53 /* AnalyticsEvent.swift */,
			);
			path = Models;
			sourceTree = "<group>";
		};
		78F08922B0484E3FAD8736A2 /* Services */ = {
			isa = PBXGroup;
			children = (
				EF363595F0454DF3B16C9ED3 /* GoalHeldChangeService.swift */,
				D53F0002EEA24F56B29EBB6A /* DeleteGoalService.swift */,
				A57F0001EEA24F56B29EBB6A /* WithdrawalService.swift */,
				D6A8D1E227234A47AFC6AA76 /* FormattingService.swift */,
				1631379D5741444D9B38E865 /* PersistenceService.swift */,
				E356D619EEA24F56B29EBB6A /* OpeningSplitService.swift */,
				A11C0011EEA24F56B29EBB6A /* AccountsService.swift */,
				B39A0011EEA24F56B29EBB6A /* BalanceSyncService.swift */,
				C41A1001EEA24F56B29EBB6A /* GrokService.swift */,
				C41A1003EEA24F56B29EBB6A /* GoalValidationService.swift */,
				A45F0001EEA24F56B29EBB6A /* GoalsTabService.swift */,
				D47A0011EEA24F56B29EBB6A /* CreditEntryService.swift */,
				B51A0001EEA24F56B29EBB6A /* StandingSplitService.swift */,
				391854E68EAC46CDA39D0B3B /* AppLaunchRouter.swift */,
			);
			path = Services;
			sourceTree = "<group>";
		};
		157666E0AF2B4DDE9C80C295 /* ViewModels */ = {
			isa = PBXGroup;
			children = (
				41600919E4B7471E8C7C04A3 /* GoalEditViewModel.swift */,
				FC63753FEBA84656A97D790D /* GoalDetailViewModel.swift */,
				D53F0003EEA24F56B29EBB6A /* DeleteGoalViewModel.swift */,
				A57F0002EEA24F56B29EBB6A /* WithdrawalViewModel.swift */,
				E90291FF624F492F96D5DEBB /* OpeningSplitViewModel.swift */,
				A11C0013EEA24F56B29EBB6A /* AccountsViewModel.swift */,
				B39A0013EEA24F56B29EBB6A /* ConsentViewModel.swift */,
				C41A1005EEA24F56B29EBB6A /* GoalChatViewModel.swift */,
				A45F0002EEA24F56B29EBB6A /* GoalsViewModel.swift */,
				D47A0013EEA24F56B29EBB6A /* CreditSyncViewModel.swift */,
				D47A0015EEA24F56B29EBB6A /* CreditUpdateBalanceViewModel.swift */,
				D47A0017EEA24F56B29EBB6A /* CreditEntryViewModel.swift */,
				B51A0002EEA24F56B29EBB6A /* StandingSplitViewModel.swift */,
				DED0C70FB32642E2B1F5D5B7 /* WelcomeViewModel.swift */,
			);
			path = ViewModels;
			sourceTree = "<group>";
		};
		D214C0DD37DD4230A10E8BA8 /* Views */ = {
			isa = PBXGroup;
			children = (
				A29113C5FD5D401A8AE05A97 /* Setup */,
				A45C0001EEA24F56B29EBB6A /* Main */,
				0222161BBEDF49F3B400043B /* Goals */,
				A45C0002EEA24F56B29EBB6A /* History */,
				A45C0003EEA24F56B29EBB6A /* Ask */,
				A45C0004EEA24F56B29EBB6A /* Settings */,
			);
			path = Views;
			sourceTree = "<group>";
		};
		A45C0001EEA24F56B29EBB6A /* Main */ = {
			isa = PBXGroup;
			children = (
				A45F0003EEA24F56B29EBB6A /* MainTabView.swift */,
			);
			path = Main;
			sourceTree = "<group>";
		};
		A45C0002EEA24F56B29EBB6A /* History */ = {
			isa = PBXGroup;
			children = (
				A45F000AEEA24F56B29EBB6A /* HistoryTabView.swift */,
			);
			path = History;
			sourceTree = "<group>";
		};
		A45C0003EEA24F56B29EBB6A /* Ask */ = {
			isa = PBXGroup;
			children = (
				A45F000BEEA24F56B29EBB6A /* AskTabView.swift */,
			);
			path = Ask;
			sourceTree = "<group>";
		};
		A45C0004EEA24F56B29EBB6A /* Settings */ = {
			isa = PBXGroup;
			children = (
				A45F000CEEA24F56B29EBB6A /* SettingsView.swift */,
			);
			path = Settings;
			sourceTree = "<group>";
		};
		A29113C5FD5D401A8AE05A97 /* Setup */ = {
			isa = PBXGroup;
			children = (
				3B52D6C2FE4146BA84592866 /* WelcomeView.swift */,
				C3D5DA0FD5AF48D6BA156E3E /* WelcomeFlowView.swift */,
				A11C0015EEA24F56B29EBB6A /* AccountsView.swift */,
				A11C0017EEA24F56B29EBB6A /* AccountsFlowView.swift */,
				B39A0015EEA24F56B29EBB6A /* ConsentSheet.swift */,
				B39A0017EEA24F56B29EBB6A /* ManualBalanceView.swift */,
				B39A0019EEA24F56B29EBB6A /* UPIPinView.swift */,
				C41A1007EEA24F56B29EBB6A /* GoalChatView.swift */,
				C41A1009EEA24F56B29EBB6A /* GoalFormView.swift */,
				C41A100BEEA24F56B29EBB6A /* InflationPopup.swift */,
				159C2C5B70024F90A3628219 /* OpeningSplitView.swift */,
				8D62F79434E5467CABBA0C58 /* OpeningSplitFlowView.swift */,
			);
			path = Setup;
			sourceTree = "<group>";
		};
		0222161BBEDF49F3B400043B /* Goals */ = {
			isa = PBXGroup;
			children = (
				A45F0004EEA24F56B29EBB6A /* GoalsTabView.swift */,
				A45F0005EEA24F56B29EBB6A /* BalanceCard.swift */,
				A45F0006EEA24F56B29EBB6A /* GoalCard.swift */,
				A45F0007EEA24F56B29EBB6A /* GoalDetailView.swift */,
				951D3037C9B340B9AFD53951 /* GoalEditView.swift */,
				B51A0003EEA24F56B29EBB6A /* StandingSplitView.swift */,
				D53F0004EEA24F56B29EBB6A /* DeleteGoalView.swift */,
				A57F0003EEA24F56B29EBB6A /* WithdrawalView.swift */,
				A45F0008EEA24F56B29EBB6A /* SyncSheet.swift */,
				A45F0009EEA24F56B29EBB6A /* UpdateBalanceSheet.swift */,
				D47A0019EEA24F56B29EBB6A /* CreditSyncSheet.swift */,
				D47A001BEEA24F56B29EBB6A /* CreditUpdateBalanceSheet.swift */,
				D47A001DEEA24F56B29EBB6A /* CreditEntryView.swift */,
				D47A001FEEA24F56B29EBB6A /* OpenEntryBanner.swift */,
				D47A0021EEA24F56B29EBB6A /* CreditFlowHostView.swift */,
			);
			path = Goals;
			sourceTree = "<group>";
		};
		FAA719A723F14AD19856F4AF /* Components */ = {
			isa = PBXGroup;
			children = (
			);
			path = Components;
			sourceTree = "<group>";
		};
		AC6FBA1EF52E42E48C233339 /* Resources */ = {
			isa = PBXGroup;
			children = (
			);
			path = Resources;
			sourceTree = "<group>";
		};
		F52D444208AF44249CFFEC39 /* PiPlannerTests */ = {
			isa = PBXGroup;
			children = (
				6B2C1E414EFC4F5081CE1EFF /* GoalHeldChangeServiceTests.swift */,
				D53F0006EEA24F56B29EBB6A /* DeleteGoalServiceTests.swift */,
				A57F0004EEA24F56B29EBB6A /* WithdrawalServiceTests.swift */,
				A57F0005EEA24F56B29EBB6A /* WithdrawalViewModelTests.swift */,
				B6E95FBCBC4A41B7993C130A /* FormattingServiceTests.swift */,
				CB1FF2A2773D47A2A2B2B50D /* ModelSerializationTests.swift */,
				99B5A5E93DC14F1EB79CF38A /* PersistenceServiceTests.swift */,
				D47A0023EEA24F56B29EBB6A /* CreditEntryServiceTests.swift */,
				40BC3302B98D49298CC4A151 /* OpeningSplitServiceTests.swift */,
				442B1016E1AC4C9BB48B1357 /* OpeningSplitViewModelTests.swift */,
				A11C001BEEA24F56B29EBB6A /* AccountsServiceTests.swift */,
				A11C001DEEA24F56B29EBB6A /* AccountsViewModelTests.swift */,
				B39A001BEEA24F56B29EBB6A /* BalanceSyncServiceTests.swift */,
				B39A001DEEA24F56B29EBB6A /* ConsentViewModelTests.swift */,
				C41A100DEEA24F56B29EBB6A /* GrokServiceTests.swift */,
				C41A100FEEA24F56B29EBB6A /* GoalValidationServiceTests.swift */,
				C41A1011EEA24F56B29EBB6A /* GoalChatViewModelTests.swift */,
				A45F000DEEA24F56B29EBB6A /* GoalsTabServiceTests.swift */,
				A45F000EEEA24F56B29EBB6A /* GoalsViewModelTests.swift */,
				B51A0004EEA24F56B29EBB6A /* StandingSplitServiceTests.swift */,
				B51A0005EEA24F56B29EBB6A /* StandingSplitViewModelTests.swift */,
				EF49BE600E2449DEAAFDE202 /* AppLaunchRouterTests.swift */,
				5D8786C6E2CF42CB842FED32 /* WelcomeViewModelTests.swift */,
				4AC30C1DBBFF4793A642AE40 /* PiPlannerTests.swift */,
			);
			path = PiPlannerTests;
			sourceTree = "<group>";
		};
		B2E1C0D9A8F7465E9B3C1A20 /* PiPlannerUITests */ = {
			isa = PBXGroup;
			children = (
				648FE7AD42B2471E947DD9DD /* WelcomeUITests.swift */,
				A45F000FEEA24F56B29EBB6A /* GoalsTabUITests.swift */,
			);
			path = PiPlannerUITests;
			sourceTree = "<group>";
		};
/* End PBXGroup section */

/* Begin PBXNativeTarget section */
		C4CB85D333DC419D8A6B8CDD /* PiPlanner */ = {
			isa = PBXNativeTarget;
			buildConfigurationList = 89505C776B7D48088155A716 /* Build configuration list for PBXNativeTarget "PiPlanner" */;
			buildPhases = (
				37FF2FEDEB05421DBD2E4A9C /* Sources */,
				100CFD0961AD4FAC9F01C405 /* Frameworks */,
				76648C834EBD40D9A191269F /* Resources */,
			);
			buildRules = (
			);
			dependencies = (
			);
			name = PiPlanner;
			productName = PiPlanner;
			productReference = 5E30C13C767C4A099356785D /* PiPlanner.app */;
			productType = "com.apple.product-type.application";
		};
		96A6486F230249F5BF0CA26D /* PiPlannerTests */ = {
			isa = PBXNativeTarget;
			buildConfigurationList = 03784C8680D94E95913B1DE6 /* Build configuration list for PBXNativeTarget "PiPlannerTests" */;
			buildPhases = (
				9773939DCCCB4D208D391C5F /* Sources */,
				25D9DD767D9B4A48876810C6 /* Frameworks */,
				953D41AF718C470698F0B3DF /* Resources */,
			);
			buildRules = (
			);
			dependencies = (
				C7D1F2EDF20B49959E9500FB /* PBXTargetDependency */,
			);
			name = PiPlannerTests;
			productName = PiPlannerTests;
			productReference = 36DFD0A484664F5C9ED2552C /* PiPlannerTests.xctest */;
			productType = "com.apple.product-type.bundle.unit-test";
		};
		F29343FDD22C4EEAA764DF03 /* PiPlannerUITests */ = {
			isa = PBXNativeTarget;
			buildConfigurationList = 6E4B76DFE42640CEA4A96195 /* Build configuration list for PBXNativeTarget "PiPlannerUITests" */;
			buildPhases = (
				513CA47628554B8998018D5E /* Sources */,
				41211820DB8F4DED9CCDED12 /* Frameworks */,
				6DFC90652F6C43439FA70F30 /* Resources */,
			);
			buildRules = (
			);
			dependencies = (
				5AC6F1571DCB42E4BDCC3585 /* PBXTargetDependency */,
			);
			name = PiPlannerUITests;
			productName = PiPlannerUITests;
			productReference = 8410F99D1749426EB531CC14 /* PiPlannerUITests.xctest */;
			productType = "com.apple.product-type.bundle.ui-testing";
		};
/* End PBXNativeTarget section */

/* Begin PBXProject section */
		3003353BE783430EB7C0AAD0 /* Project object */ = {
			isa = PBXProject;
			attributes = {
				BuildIndependentTargetsInParallel = 1;
				LastSwiftUpdateCheck = 1600;
				LastUpgradeCheck = 1600;
				TargetAttributes = {
					C4CB85D333DC419D8A6B8CDD = {
						CreatedOnToolsVersion = 16.0;
					};
					96A6486F230249F5BF0CA26D = {
						CreatedOnToolsVersion = 16.0;
						TestTargetID = C4CB85D333DC419D8A6B8CDD;
					};
					F29343FDD22C4EEAA764DF03 = {
						CreatedOnToolsVersion = 16.0;
						TestTargetID = C4CB85D333DC419D8A6B8CDD;
					};
				};
			};
			buildConfigurationList = 96FF86300990401BABD4F060 /* Build configuration list for PBXProject "PiPlanner" */;
			compatibilityVersion = "Xcode 14.0";
			developmentRegion = en;
			hasScannedForEncodings = 0;
			knownRegions = (
				en,
				Base,
			);
			mainGroup = B17BECEA664D494594224742;
			productRefGroup = 1B4A92531F3B4459A5B9B6EE /* Products */;
			projectDirPath = "";
			projectRoot = "";
			targets = (
				C4CB85D333DC419D8A6B8CDD /* PiPlanner */,
				96A6486F230249F5BF0CA26D /* PiPlannerTests */,
				F29343FDD22C4EEAA764DF03 /* PiPlannerUITests */,
			);
		};
/* End PBXProject section */

/* Begin PBXResourcesBuildPhase section */
		76648C834EBD40D9A191269F /* Resources */ = {
			isa = PBXResourcesBuildPhase;
			buildActionMask = 2147483647;
			files = (
				5500093B47DB4442AE0BDAE7 /* Assets.xcassets in Resources */,
			);
			runOnlyForDeploymentPostprocessing = 0;
		};
		953D41AF718C470698F0B3DF /* Resources */ = {
			isa = PBXResourcesBuildPhase;
			buildActionMask = 2147483647;
			files = (
			);
			runOnlyForDeploymentPostprocessing = 0;
		};
		6DFC90652F6C43439FA70F30 /* Resources */ = {
			isa = PBXResourcesBuildPhase;
			buildActionMask = 2147483647;
			files = (
			);
			runOnlyForDeploymentPostprocessing = 0;
		};
/* End PBXResourcesBuildPhase section */

/* Begin PBXSourcesBuildPhase section */
		37FF2FEDEB05421DBD2E4A9C /* Sources */ = {
			isa = PBXSourcesBuildPhase;
			buildActionMask = 2147483647;
			files = (
				1318D194AA484098BD165D58 /* PiPlannerApp.swift in Sources */,
				142F0FC7D4894F32A7F74E7B /* Account.swift in Sources */,
				1C65A48285EC416D828D2976 /* Goal.swift in Sources */,
				A793547EB4B74E14B2DD17AA /* HistoryEntry.swift in Sources */,
				ED4F38A8B7334BC7838962C1 /* StandingSplit.swift in Sources */,
				7763E11C5B074AABACD9799F /* PersistedAppState.swift in Sources */,
				409665F0BBB14EE4A32F8556 /* AppErrors.swift in Sources */,
				E3FB4AF5E1DD480B8AB95808 /* AnalyticsEvent.swift in Sources */,
				C02A7AB59EA74FD48DA6285E /* FormattingService.swift in Sources */,
				8375943D645B49D0863EEBD3 /* PersistenceService.swift in Sources */,
				28AC88EFBD814941ABD3C921 /* OpeningSplitService.swift in Sources */,
				56F71F80590D4A27AAD43050 /* OpeningSplitViewModel.swift in Sources */,
				625CA2888D9F46D499FDFA74 /* OpeningSplitView.swift in Sources */,
				BEE8DE33B42E4134B8B88EBA /* OpeningSplitFlowView.swift in Sources */,
				31187E4D18C24AFD8E9EA360 /* GoalEditView.swift in Sources */,
				19EF97B1589A4F6191EA40AA /* GoalEditViewModel.swift in Sources */,
				528CFB0745AC4D719C1FDA35 /* GoalDetailViewModel.swift in Sources */,
				A6EA2641B4EE4968A1CD6742 /* GoalHeldChangeService.swift in Sources */,
				D53B0002BD814941ABD3C921 /* DeleteGoalService.swift in Sources */,
				D53B0003BD814941ABD3C921 /* DeleteGoalViewModel.swift in Sources */,
				D53B0004BD814941ABD3C921 /* DeleteGoalView.swift in Sources */,
				A57B0001BD814941ABD3C921 /* WithdrawalService.swift in Sources */,
				A57B0002BD814941ABD3C921 /* WithdrawalViewModel.swift in Sources */,
				A57B0003BD814941ABD3C921 /* WithdrawalView.swift in Sources */,
				DB116BA205274A9BAC7D9303 /* HeldGoalChange.swift in Sources */,
				A11C0010BD814941ABD3C921 /* AccountsService.swift in Sources */,
				A11C0012BD814941ABD3C921 /* AccountsViewModel.swift in Sources */,
				A11C0014BD814941ABD3C921 /* AccountsView.swift in Sources */,
				A11C0016BD814941ABD3C921 /* AccountsFlowView.swift in Sources */,
				A827E2F873CA4E2AB8A029D6 /* AppLaunchRouter.swift in Sources */,
				423A5096BCAD46EC90311933 /* WelcomeViewModel.swift in Sources */,
				84194582E8D840E6A12F3A0A /* WelcomeView.swift in Sources */,
				A96DD71BE5B642908C414C87 /* WelcomeFlowView.swift in Sources */,
				B39A0010BD814941ABD3C921 /* BalanceSyncService.swift in Sources */,
				B39A0012BD814941ABD3C921 /* ConsentViewModel.swift in Sources */,
				B39A0014BD814941ABD3C921 /* ConsentSheet.swift in Sources */,
				B39A0016BD814941ABD3C921 /* ManualBalanceView.swift in Sources */,
				B39A0018BD814941ABD3C921 /* UPIPinView.swift in Sources */,
				C41A1000BD814941ABD3C921 /* GrokService.swift in Sources */,
				C41A1002BD814941ABD3C921 /* GoalValidationService.swift in Sources */,
				C41A1004BD814941ABD3C921 /* GoalChatViewModel.swift in Sources */,
				C41A1006BD814941ABD3C921 /* GoalChatView.swift in Sources */,
				C41A1008BD814941ABD3C921 /* GoalFormView.swift in Sources */,
				C41A100ABD814941ABD3C921 /* InflationPopup.swift in Sources */,
				A45B0001BD814941ABD3C921 /* GoalsTabService.swift in Sources */,
				A45B0002BD814941ABD3C921 /* GoalsViewModel.swift in Sources */,
				A45B0003BD814941ABD3C921 /* MainTabView.swift in Sources */,
				A45B0004BD814941ABD3C921 /* GoalsTabView.swift in Sources */,
				A45B0005BD814941ABD3C921 /* BalanceCard.swift in Sources */,
				A45B0006BD814941ABD3C921 /* GoalCard.swift in Sources */,
				A45B0007BD814941ABD3C921 /* GoalDetailView.swift in Sources */,
				A45B0008BD814941ABD3C921 /* SyncSheet.swift in Sources */,
				A45B0009BD814941ABD3C921 /* UpdateBalanceSheet.swift in Sources */,
				A45B000ABD814941ABD3C921 /* HistoryTabView.swift in Sources */,
				A45B000BBD814941ABD3C921 /* AskTabView.swift in Sources */,
				A45B000CBD814941ABD3C921 /* SettingsView.swift in Sources */,
				D47A0010BD814941ABD3C921 /* CreditEntryService.swift in Sources */,
				D47A0012BD814941ABD3C921 /* CreditSyncViewModel.swift in Sources */,
				D47A0014BD814941ABD3C921 /* CreditUpdateBalanceViewModel.swift in Sources */,
				D47A0016BD814941ABD3C921 /* CreditEntryViewModel.swift in Sources */,
				D47A0018BD814941ABD3C921 /* CreditSyncSheet.swift in Sources */,
				D47A001ABD814941ABD3C921 /* CreditUpdateBalanceSheet.swift in Sources */,
				D47A001CBD814941ABD3C921 /* CreditEntryView.swift in Sources */,
				D47A001EBD814941ABD3C921 /* OpenEntryBanner.swift in Sources */,
				D47A0020BD814941ABD3C921 /* CreditFlowHostView.swift in Sources */,
				B51B0001BD814941ABD3C921 /* StandingSplitService.swift in Sources */,
				B51B0002BD814941ABD3C921 /* StandingSplitViewModel.swift in Sources */,
				B51B0003BD814941ABD3C921 /* StandingSplitView.swift in Sources */,
			);
			runOnlyForDeploymentPostprocessing = 0;
		};
		9773939DCCCB4D208D391C5F /* Sources */ = {
			isa = PBXSourcesBuildPhase;
			buildActionMask = 2147483647;
			files = (
				08EA68393BA94CA89A5EE93E /* FormattingServiceTests.swift in Sources */,
				AC1C20FB804F47A9A093BE79 /* ModelSerializationTests.swift in Sources */,
				55A271B3A9AD4E509F89E78C /* PersistenceServiceTests.swift in Sources */,
				8138935DBAFA4B7490CBA7E6 /* OpeningSplitServiceTests.swift in Sources */,
				E80E407F8D7D466F96CC8E4E /* OpeningSplitViewModelTests.swift in Sources */,
				A11C001ABD814941ABD3C921 /* AccountsServiceTests.swift in Sources */,
				A11C001CBD814941ABD3C921 /* AccountsViewModelTests.swift in Sources */,
				AFFB71B888804486BDCBBCC6 /* PiPlannerTests.swift in Sources */,
				F13572D6AE9A4323879B80E5 /* AppLaunchRouterTests.swift in Sources */,
				5F6188E2699E40068E8AF2D0 /* WelcomeViewModelTests.swift in Sources */,
				B39A001ABD814941ABD3C921 /* BalanceSyncServiceTests.swift in Sources */,
				B39A001CBD814941ABD3C921 /* ConsentViewModelTests.swift in Sources */,
				C41A100CBD814941ABD3C921 /* GrokServiceTests.swift in Sources */,
				C41A100EBD814941ABD3C921 /* GoalValidationServiceTests.swift in Sources */,
				463C0C59C104488E8D765E95 /* GoalHeldChangeServiceTests.swift in Sources */,
				D53B0006BD814941ABD3C921 /* DeleteGoalServiceTests.swift in Sources */,
				A57B0004BD814941ABD3C921 /* WithdrawalServiceTests.swift in Sources */,
				A57B0005BD814941ABD3C921 /* WithdrawalViewModelTests.swift in Sources */,
				C41A1010BD814941ABD3C921 /* GoalChatViewModelTests.swift in Sources */,
				A45B000DBD814941ABD3C921 /* GoalsTabServiceTests.swift in Sources */,
				A45B000EBD814941ABD3C921 /* GoalsViewModelTests.swift in Sources */,
				D47A0022BD814941ABD3C921 /* CreditEntryServiceTests.swift in Sources */,
				B51B0004BD814941ABD3C921 /* StandingSplitServiceTests.swift in Sources */,
				B51B0005BD814941ABD3C921 /* StandingSplitViewModelTests.swift in Sources */,
			);
			runOnlyForDeploymentPostprocessing = 0;
		};
		513CA47628554B8998018D5E /* Sources */ = {
			isa = PBXSourcesBuildPhase;
			buildActionMask = 2147483647;
			files = (
				0762A7393A06489AA35C9A8F /* WelcomeUITests.swift in Sources */,
				A45B000FBD814941ABD3C921 /* GoalsTabUITests.swift in Sources */,
			);
			runOnlyForDeploymentPostprocessing = 0;
		};
/* End PBXSourcesBuildPhase section */


/* Begin PBXContainerItemProxy section */
		B09E564E294B42C5B565E07D /* PBXContainerItemProxy */ = {
			isa = PBXContainerItemProxy;
			containerPortal = 3003353BE783430EB7C0AAD0 /* Project object */;
			proxyType = 1;
			remoteGlobalIDString = C4CB85D333DC419D8A6B8CDD;
			remoteInfo = PiPlanner;
		};
		AF0F1EC61DC146578E5AC271 /* PBXContainerItemProxy */ = {
			isa = PBXContainerItemProxy;
			containerPortal = 3003353BE783430EB7C0AAD0 /* Project object */;
			proxyType = 1;
			remoteGlobalIDString = C4CB85D333DC419D8A6B8CDD;
			remoteInfo = PiPlanner;
		};
/* End PBXContainerItemProxy section */

/* Begin PBXTargetDependency section */
		C7D1F2EDF20B49959E9500FB /* PBXTargetDependency */ = {
			isa = PBXTargetDependency;
			target = C4CB85D333DC419D8A6B8CDD /* PiPlanner */;
			targetProxy = B09E564E294B42C5B565E07D /* PBXContainerItemProxy */;
		};
		5AC6F1571DCB42E4BDCC3585 /* PBXTargetDependency */ = {
			isa = PBXTargetDependency;
			target = C4CB85D333DC419D8A6B8CDD /* PiPlanner */;
			targetProxy = AF0F1EC61DC146578E5AC271 /* PBXContainerItemProxy */;
		};
/* End PBXTargetDependency section */

/* Begin XCBuildConfiguration section */
		A50B6806E17E47BF9E6C6C51 /* Debug */ = {
			isa = XCBuildConfiguration;
			buildSettings = {
				ALWAYS_SEARCH_USER_PATHS = NO;
				CLANG_ENABLE_MODULES = YES;
				CLANG_ENABLE_OBJC_ARC = YES;
				COPY_PHASE_STRIP = NO;
				DEBUG_INFORMATION_FORMAT = dwarf;
				ENABLE_TESTABILITY = YES;
				GCC_DYNAMIC_NO_PIC = NO;
				IPHONEOS_DEPLOYMENT_TARGET = 16.0;
				ONLY_ACTIVE_ARCH = YES;
				SDKROOT = iphoneos;
				SWIFT_ACTIVE_COMPILATION_CONDITIONS = "DEBUG $(inherited)";
				SWIFT_OPTIMIZATION_LEVEL = "-Onone";
				SWIFT_VERSION = 5.0;
			};
			name = Debug;
		};
		25672CA6D4434107AE53D7B4 /* Release */ = {
			isa = XCBuildConfiguration;
			buildSettings = {
				ALWAYS_SEARCH_USER_PATHS = NO;
				CLANG_ENABLE_MODULES = YES;
				CLANG_ENABLE_OBJC_ARC = YES;
				COPY_PHASE_STRIP = NO;
				DEBUG_INFORMATION_FORMAT = "dwarf-with-dsym";
				IPHONEOS_DEPLOYMENT_TARGET = 16.0;
				SDKROOT = iphoneos;
				SWIFT_COMPILATION_MODE = wholemodule;
				SWIFT_VERSION = 5.0;
				VALIDATE_PRODUCT = YES;
			};
			name = Release;
		};
		91432715D8FF4DE9B39EC9A4 /* Debug */ = {
			isa = XCBuildConfiguration;
			buildSettings = {
				ASSETCATALOG_COMPILER_APPICON_NAME = AppIcon;
				ASSETCATALOG_COMPILER_GLOBAL_ACCENT_COLOR_NAME = AccentColor;
				CODE_SIGN_STYLE = Automatic;
				CURRENT_PROJECT_VERSION = 1;
				DEVELOPMENT_ASSET_PATHS = "";
				ENABLE_PREVIEWS = YES;
				GENERATE_INFOPLIST_FILE = YES;
				INFOPLIST_KEY_CFBundleDisplayName = PiPlanner;
				INFOPLIST_KEY_UIApplicationSceneManifest_Generation = YES;
				INFOPLIST_KEY_UILaunchScreen_Generation = YES;
				INFOPLIST_KEY_UISupportedInterfaceOrientations_iPad = "UIInterfaceOrientationPortrait UIInterfaceOrientationPortraitUpsideDown UIInterfaceOrientationLandscapeLeft UIInterfaceOrientationLandscapeRight";
				INFOPLIST_KEY_UISupportedInterfaceOrientations_iPhone = "UIInterfaceOrientationPortrait UIInterfaceOrientationLandscapeLeft UIInterfaceOrientationLandscapeRight";
				LD_RUNPATH_SEARCH_PATHS = (
					"$(inherited)",
					"@executable_path/Frameworks",
				);
				MARKETING_VERSION = 1.0;
				PRODUCT_BUNDLE_IDENTIFIER = com.piplanner.app;
				PRODUCT_NAME = "$(TARGET_NAME)";
				SUPPORTED_PLATFORMS = "iphoneos iphonesimulator";
				SUPPORTS_MACCATALYST = NO;
				SWIFT_EMIT_LOC_STRINGS = YES;
				SWIFT_VERSION = 5.0;
				TARGETED_DEVICE_FAMILY = "1,2";
			};
			name = Debug;
		};
		0BC1E46554FD4C289691A64E /* Release */ = {
			isa = XCBuildConfiguration;
			buildSettings = {
				ASSETCATALOG_COMPILER_APPICON_NAME = AppIcon;
				ASSETCATALOG_COMPILER_GLOBAL_ACCENT_COLOR_NAME = AccentColor;
				CODE_SIGN_STYLE = Automatic;
				CURRENT_PROJECT_VERSION = 1;
				DEVELOPMENT_ASSET_PATHS = "";
				ENABLE_PREVIEWS = YES;
				GENERATE_INFOPLIST_FILE = YES;
				INFOPLIST_KEY_CFBundleDisplayName = PiPlanner;
				INFOPLIST_KEY_UIApplicationSceneManifest_Generation = YES;
				INFOPLIST_KEY_UILaunchScreen_Generation = YES;
				INFOPLIST_KEY_UISupportedInterfaceOrientations_iPad = "UIInterfaceOrientationPortrait UIInterfaceOrientationPortraitUpsideDown UIInterfaceOrientationLandscapeLeft UIInterfaceOrientationLandscapeRight";
				INFOPLIST_KEY_UISupportedInterfaceOrientations_iPhone = "UIInterfaceOrientationPortrait UIInterfaceOrientationLandscapeLeft UIInterfaceOrientationLandscapeRight";
				LD_RUNPATH_SEARCH_PATHS = (
					"$(inherited)",
					"@executable_path/Frameworks",
				);
				MARKETING_VERSION = 1.0;
				PRODUCT_BUNDLE_IDENTIFIER = com.piplanner.app;
				PRODUCT_NAME = "$(TARGET_NAME)";
				SUPPORTED_PLATFORMS = "iphoneos iphonesimulator";
				SUPPORTS_MACCATALYST = NO;
				SWIFT_EMIT_LOC_STRINGS = YES;
				SWIFT_VERSION = 5.0;
				TARGETED_DEVICE_FAMILY = "1,2";
			};
			name = Release;
		};
		F7D2A8640D0D4220B3DDA3C7 /* Debug */ = {
			isa = XCBuildConfiguration;
			buildSettings = {
				BUNDLE_LOADER = "$(TEST_HOST)";
				CODE_SIGN_STYLE = Automatic;
				CURRENT_PROJECT_VERSION = 1;
				GENERATE_INFOPLIST_FILE = YES;
				IPHONEOS_DEPLOYMENT_TARGET = 16.0;
				MARKETING_VERSION = 1.0;
				PRODUCT_BUNDLE_IDENTIFIER = com.piplanner.app.tests;
				PRODUCT_NAME = "$(TARGET_NAME)";
				SUPPORTED_PLATFORMS = "iphoneos iphonesimulator";
				SWIFT_VERSION = 5.0;
				TARGETED_DEVICE_FAMILY = "1,2";
				TEST_HOST = "$(BUILT_PRODUCTS_DIR)/PiPlanner.app/$(BUNDLE_EXECUTABLE_FOLDER_PATH)/PiPlanner";
			};
			name = Debug;
		};
		8D04A5F5204442158925F074 /* Release */ = {
			isa = XCBuildConfiguration;
			buildSettings = {
				BUNDLE_LOADER = "$(TEST_HOST)";
				CODE_SIGN_STYLE = Automatic;
				CURRENT_PROJECT_VERSION = 1;
				GENERATE_INFOPLIST_FILE = YES;
				IPHONEOS_DEPLOYMENT_TARGET = 16.0;
				MARKETING_VERSION = 1.0;
				PRODUCT_BUNDLE_IDENTIFIER = com.piplanner.app.tests;
				PRODUCT_NAME = "$(TARGET_NAME)";
				SUPPORTED_PLATFORMS = "iphoneos iphonesimulator";
				SWIFT_VERSION = 5.0;
				TARGETED_DEVICE_FAMILY = "1,2";
				TEST_HOST = "$(BUILT_PRODUCTS_DIR)/PiPlanner.app/$(BUNDLE_EXECUTABLE_FOLDER_PATH)/PiPlanner";
			};
			name = Release;
		};
		F179233FA5B045A1BF6BE157 /* Debug */ = {
			isa = XCBuildConfiguration;
			buildSettings = {
				CODE_SIGN_STYLE = Automatic;
				CURRENT_PROJECT_VERSION = 1;
				GENERATE_INFOPLIST_FILE = YES;
				IPHONEOS_DEPLOYMENT_TARGET = 16.0;
				MARKETING_VERSION = 1.0;
				PRODUCT_BUNDLE_IDENTIFIER = com.piplanner.app.uitests;
				PRODUCT_NAME = "$(TARGET_NAME)";
				SUPPORTED_PLATFORMS = "iphoneos iphonesimulator";
				SWIFT_VERSION = 5.0;
				TARGETED_DEVICE_FAMILY = "1,2";
				TEST_TARGET_NAME = PiPlanner;
			};
			name = Debug;
		};
		1A0EBF7A61C44D3284507D8E /* Release */ = {
			isa = XCBuildConfiguration;
			buildSettings = {
				CODE_SIGN_STYLE = Automatic;
				CURRENT_PROJECT_VERSION = 1;
				GENERATE_INFOPLIST_FILE = YES;
				IPHONEOS_DEPLOYMENT_TARGET = 16.0;
				MARKETING_VERSION = 1.0;
				PRODUCT_BUNDLE_IDENTIFIER = com.piplanner.app.uitests;
				PRODUCT_NAME = "$(TARGET_NAME)";
				SUPPORTED_PLATFORMS = "iphoneos iphonesimulator";
				SWIFT_VERSION = 5.0;
				TARGETED_DEVICE_FAMILY = "1,2";
				TEST_TARGET_NAME = PiPlanner;
			};
			name = Release;
		};
/* End XCBuildConfiguration section */

/* Begin XCConfigurationList section */
		96FF86300990401BABD4F060 /* Build configuration list for PBXProject "PiPlanner" */ = {
			isa = XCConfigurationList;
			buildConfigurations = (
				A50B6806E17E47BF9E6C6C51 /* Debug */,
				25672CA6D4434107AE53D7B4 /* Release */,
			);
			defaultConfigurationIsVisible = 0;
			defaultConfigurationName = Release;
		};
		89505C776B7D48088155A716 /* Build configuration list for PBXNativeTarget "PiPlanner" */ = {
			isa = XCConfigurationList;
			buildConfigurations = (
				91432715D8FF4DE9B39EC9A4 /* Debug */,
				0BC1E46554FD4C289691A64E /* Release */,
			);
			defaultConfigurationIsVisible = 0;
			defaultConfigurationName = Release;
		};
		03784C8680D94E95913B1DE6 /* Build configuration list for PBXNativeTarget "PiPlannerTests" */ = {
			isa = XCConfigurationList;
			buildConfigurations = (
				F7D2A8640D0D4220B3DDA3C7 /* Debug */,
				8D04A5F5204442158925F074 /* Release */,
			);
			defaultConfigurationIsVisible = 0;
			defaultConfigurationName = Release;
		};
		6E4B76DFE42640CEA4A96195 /* Build configuration list for PBXNativeTarget "PiPlannerUITests" */ = {
			isa = XCConfigurationList;
			buildConfigurations = (
				F179233FA5B045A1BF6BE157 /* Debug */,
				1A0EBF7A61C44D3284507D8E /* Release */,
			);
			defaultConfigurationIsVisible = 0;
			defaultConfigurationName = Release;
		};
/* End XCConfigurationList section */
	};
	rootObject = 3003353BE783430EB7C0AAD0 /* Project object */;
}
